// !$*UTF8*$!
{
	archiveVersion = 1;
	classes = {
	};
	objectVersion = 46;
	objects = {

/* Begin PBXBuildFile section */
		C507EF4B1AADF30700AE8D85 /* new_route.png in Resources */ = {isa = PBXBuildFile; fileRef = C507EF4A1AADF30700AE8D85 /* new_route.png */; };
		C507EF4F1AAE02EC00AE8D85 /* CarPickerViewController.swift in Sources */ = {isa = PBXBuildFile; fileRef = C507EF4E1AAE02EC00AE8D85 /* CarPickerViewController.swift */; };
		C53528311AD3ECA200BE457B /* carbon_footprint@1x.png in Resources */ = {isa = PBXBuildFile; fileRef = C535282E1AD3ECA200BE457B /* carbon_footprint@1x.png */; };
		C53528321AD3ECA200BE457B /* carbon_footprint@2x.png in Resources */ = {isa = PBXBuildFile; fileRef = C535282F1AD3ECA200BE457B /* carbon_footprint@2x.png */; };
		C53528331AD3ECA200BE457B /* carbon_footprint@3x.png in Resources */ = {isa = PBXBuildFile; fileRef = C53528301AD3ECA200BE457B /* carbon_footprint@3x.png */; };
		C53528391AD3F13600BE457B /* location_@1x.png in Resources */ = {isa = PBXBuildFile; fileRef = C53528361AD3F13600BE457B /* location_@1x.png */; };
		C535283A1AD3F13600BE457B /* location_@2x.png in Resources */ = {isa = PBXBuildFile; fileRef = C53528371AD3F13600BE457B /* location_@2x.png */; };
		C535283B1AD3F13600BE457B /* location_@3x.png in Resources */ = {isa = PBXBuildFile; fileRef = C53528381AD3F13600BE457B /* location_@3x.png */; };
		C56F3EAD1ACBF9E7007556A3 /* RouteCell.swift in Sources */ = {isa = PBXBuildFile; fileRef = C56F3EAC1ACBF9E7007556A3 /* RouteCell.swift */; };
		C56F3EB71ACC3F71007556A3 /* RoutesDetailViewController.swift in Sources */ = {isa = PBXBuildFile; fileRef = C56F3EB61ACC3F71007556A3 /* RoutesDetailViewController.swift */; };
		C57664E81AC704BD00179F6A /* Calc.swift in Sources */ = {isa = PBXBuildFile; fileRef = C57664E71AC704BD00179F6A /* Calc.swift */; };
		C5AE59C81AA4A6F700DAB6B6 /* AppDelegate.swift in Sources */ = {isa = PBXBuildFile; fileRef = C5AE59C71AA4A6F700DAB6B6 /* AppDelegate.swift */; };
		C5AE59CB1AA4A6F700DAB6B6 /* CycleCredits.xcdatamodeld in Sources */ = {isa = PBXBuildFile; fileRef = C5AE59C91AA4A6F700DAB6B6 /* CycleCredits.xcdatamodeld */; };
		C5AE59CD1AA4A6F700DAB6B6 /* TotalsViewController.swift in Sources */ = {isa = PBXBuildFile; fileRef = C5AE59CC1AA4A6F700DAB6B6 /* TotalsViewController.swift */; };
		C5AE59D01AA4A6F700DAB6B6 /* Main.storyboard in Resources */ = {isa = PBXBuildFile; fileRef = C5AE59CE1AA4A6F700DAB6B6 /* Main.storyboard */; };
		C5AE59D21AA4A6F700DAB6B6 /* Images.xcassets in Resources */ = {isa = PBXBuildFile; fileRef = C5AE59D11AA4A6F700DAB6B6 /* Images.xcassets */; };
		C5AE59D51AA4A6F700DAB6B6 /* LaunchScreen.xib in Resources */ = {isa = PBXBuildFile; fileRef = C5AE59D31AA4A6F700DAB6B6 /* LaunchScreen.xib */; };
		C5AE59E11AA4A6F700DAB6B6 /* CycleCreditsTests.swift in Sources */ = {isa = PBXBuildFile; fileRef = C5AE59E01AA4A6F700DAB6B6 /* CycleCreditsTests.swift */; };
		C5AE59EB1AA4ADDF00DAB6B6 /* RoutesViewController.swift in Sources */ = {isa = PBXBuildFile; fileRef = C5AE59EA1AA4ADDF00DAB6B6 /* RoutesViewController.swift */; };
		C5AE59ED1AA4AF3F00DAB6B6 /* Route.swift in Sources */ = {isa = PBXBuildFile; fileRef = C5AE59EC1AA4AF3F00DAB6B6 /* Route.swift */; };
		C5AE59EF1AA4B5E400DAB6B6 /* SampleData.swift in Sources */ = {isa = PBXBuildFile; fileRef = C5AE59EE1AA4B5E400DAB6B6 /* SampleData.swift */; };
		C5C10FF61AC6EC480077ABCC /* gitignore in Resources */ = {isa = PBXBuildFile; fileRef = C5C10FF51AC6EC470077ABCC /* gitignore */; };
		C5DF95B41ADC0648003600B1 /* MapViewController.swift in Sources */ = {isa = PBXBuildFile; fileRef = C5DF95B31ADC0648003600B1 /* MapViewController.swift */; };
		C5F654421ACFE5AC0037A001 /* HelpViewController.swift in Sources */ = {isa = PBXBuildFile; fileRef = C5F654411ACFE5AC0037A001 /* HelpViewController.swift */; };
		C5F654471ACFE9F50037A001 /* tax_disk.png in Resources */ = {isa = PBXBuildFile; fileRef = C5F654461ACFE9F50037A001 /* tax_disk.png */; };
/* End PBXBuildFile section */

/* Begin PBXContainerItemProxy section */
		C5AE59DB1AA4A6F700DAB6B6 /* PBXContainerItemProxy */ = {
			isa = PBXContainerItemProxy;
			containerPortal = C5AE59BA1AA4A6F700DAB6B6 /* Project object */;
			proxyType = 1;
			remoteGlobalIDString = C5AE59C11AA4A6F700DAB6B6;
			remoteInfo = CycleCredits;
		};
/* End PBXContainerItemProxy section */

/* Begin PBXFileReference section */
		C507EF4A1AADF30700AE8D85 /* new_route.png */ = {isa = PBXFileReference; lastKnownFileType = image.png; path = new_route.png; sourceTree = "<group>"; };
		C507EF4E1AAE02EC00AE8D85 /* CarPickerViewController.swift */ = {isa = PBXFileReference; fileEncoding = 4; lastKnownFileType = sourcecode.swift; path = CarPickerViewController.swift; sourceTree = "<group>"; };
		C535282E1AD3ECA200BE457B /* carbon_footprint@1x.png */ = {isa = PBXFileReference; lastKnownFileType = image.png; path = "carbon_footprint@1x.png"; sourceTree = "<group>"; };
		C535282F1AD3ECA200BE457B /* carbon_footprint@2x.png */ = {isa = PBXFileReference; lastKnownFileType = image.png; path = "carbon_footprint@2x.png"; sourceTree = "<group>"; };
		C53528301AD3ECA200BE457B /* carbon_footprint@3x.png */ = {isa = PBXFileReference; lastKnownFileType = image.png; path = "carbon_footprint@3x.png"; sourceTree = "<group>"; };
		C53528361AD3F13600BE457B /* location_@1x.png */ = {isa = PBXFileReference; lastKnownFileType = image.png; path = "location_@1x.png"; sourceTree = "<group>"; };
		C53528371AD3F13600BE457B /* location_@2x.png */ = {isa = PBXFileReference; lastKnownFileType = image.png; path = "location_@2x.png"; sourceTree = "<group>"; };
		C53528381AD3F13600BE457B /* location_@3x.png */ = {isa = PBXFileReference; lastKnownFileType = image.png; path = "location_@3x.png"; sourceTree = "<group>"; };
		C56F3EAC1ACBF9E7007556A3 /* RouteCell.swift */ = {isa = PBXFileReference; fileEncoding = 4; lastKnownFileType = sourcecode.swift; path = RouteCell.swift; sourceTree = "<group>"; };
		C56F3EB61ACC3F71007556A3 /* RoutesDetailViewController.swift */ = {isa = PBXFileReference; fileEncoding = 4; lastKnownFileType = sourcecode.swift; path = RoutesDetailViewController.swift; sourceTree = "<group>"; };
		C57664E71AC704BD00179F6A /* Calc.swift */ = {isa = PBXFileReference; fileEncoding = 4; lastKnownFileType = sourcecode.swift; name = Calc.swift; path = ../Calc.swift; sourceTree = "<group>"; };
		C5AE59C21AA4A6F700DAB6B6 /* CycleCredits.app */ = {isa = PBXFileReference; explicitFileType = wrapper.application; includeInIndex = 0; path = CycleCredits.app; sourceTree = BUILT_PRODUCTS_DIR; };
		C5AE59C61AA4A6F700DAB6B6 /* Info.plist */ = {isa = PBXFileReference; lastKnownFileType = text.plist.xml; path = Info.plist; sourceTree = "<group>"; };
		C5AE59C71AA4A6F700DAB6B6 /* AppDelegate.swift */ = {isa = PBXFileReference; lastKnownFileType = sourcecode.swift; path = AppDelegate.swift; sourceTree = "<group>"; };
		C5AE59CA1AA4A6F700DAB6B6 /* CycleCredits.xcdatamodel */ = {isa = PBXFileReference; lastKnownFileType = wrapper.xcdatamodel; path = CycleCredits.xcdatamodel; sourceTree = "<group>"; };
		C5AE59CC1AA4A6F700DAB6B6 /* TotalsViewController.swift */ = {isa = PBXFileReference; lastKnownFileType = sourcecode.swift; path = TotalsViewController.swift; sourceTree = "<group>"; };
		C5AE59CF1AA4A6F700DAB6B6 /* Base */ = {isa = PBXFileReference; lastKnownFileType = file.storyboard; name = Base; path = Base.lproj/Main.storyboard; sourceTree = "<group>"; };
		C5AE59D11AA4A6F700DAB6B6 /* Images.xcassets */ = {isa = PBXFileReference; lastKnownFileType = folder.assetcatalog; path = Images.xcassets; sourceTree = "<group>"; };
		C5AE59D41AA4A6F700DAB6B6 /* Base */ = {isa = PBXFileReference; lastKnownFileType = file.xib; name = Base; path = Base.lproj/LaunchScreen.xib; sourceTree = "<group>"; };
		C5AE59DA1AA4A6F700DAB6B6 /* CycleCreditsTests.xctest */ = {isa = PBXFileReference; explicitFileType = wrapper.cfbundle; includeInIndex = 0; path = CycleCreditsTests.xctest; sourceTree = BUILT_PRODUCTS_DIR; };
		C5AE59DF1AA4A6F700DAB6B6 /* Info.plist */ = {isa = PBXFileReference; lastKnownFileType = text.plist.xml; path = Info.plist; sourceTree = "<group>"; };
		C5AE59E01AA4A6F700DAB6B6 /* CycleCreditsTests.swift */ = {isa = PBXFileReference; lastKnownFileType = sourcecode.swift; path = CycleCreditsTests.swift; sourceTree = "<group>"; };
		C5AE59EA1AA4ADDF00DAB6B6 /* RoutesViewController.swift */ = {isa = PBXFileReference; fileEncoding = 4; lastKnownFileType = sourcecode.swift; path = RoutesViewController.swift; sourceTree = "<group>"; };
		C5AE59EC1AA4AF3F00DAB6B6 /* Route.swift */ = {isa = PBXFileReference; fileEncoding = 4; lastKnownFileType = sourcecode.swift; path = Route.swift; sourceTree = "<group>"; };
		C5AE59EE1AA4B5E400DAB6B6 /* SampleData.swift */ = {isa = PBXFileReference; fileEncoding = 4; lastKnownFileType = sourcecode.swift; path = SampleData.swift; sourceTree = "<group>"; };
		C5C10FF51AC6EC470077ABCC /* gitignore */ = {isa = PBXFileReference; fileEncoding = 4; lastKnownFileType = text; path = gitignore; sourceTree = "<group>"; };
		C5DF95B31ADC0648003600B1 /* MapViewController.swift */ = {isa = PBXFileReference; fileEncoding = 4; lastKnownFileType = sourcecode.swift; path = MapViewController.swift; sourceTree = "<group>"; };
		C5F654411ACFE5AC0037A001 /* HelpViewController.swift */ = {isa = PBXFileReference; fileEncoding = 4; lastKnownFileType = sourcecode.swift; path = HelpViewController.swift; sourceTree = "<group>"; };
		C5F654461ACFE9F50037A001 /* tax_disk.png */ = {isa = PBXFileReference; lastKnownFileType = image.png; path = tax_disk.png; sourceTree = "<group>"; };
/* End PBXFileReference section */

/* Begin PBXFrameworksBuildPhase section */
		C5AE59BF1AA4A6F700DAB6B6 /* Frameworks */ = {
			isa = PBXFrameworksBuildPhase;
			buildActionMask = 2147483647;
			files = (
			);
			runOnlyForDeploymentPostprocessing = 0;
		};
		C5AE59D71AA4A6F700DAB6B6 /* Frameworks */ = {
			isa = PBXFrameworksBuildPhase;
			buildActionMask = 2147483647;
			files = (
			);
			runOnlyForDeploymentPostprocessing = 0;
		};
/* End PBXFrameworksBuildPhase section */

/* Begin PBXGroup section */
		C507EF491AADF30700AE8D85 /* images */ = {
			isa = PBXGroup;
			children = (
				C5F654461ACFE9F50037A001 /* tax_disk.png */,
				C507EF4A1AADF30700AE8D85 /* new_route.png */,
				C535282E1AD3ECA200BE457B /* carbon_footprint@1x.png */,
				C535282F1AD3ECA200BE457B /* carbon_footprint@2x.png */,
				C53528301AD3ECA200BE457B /* carbon_footprint@3x.png */,
				C53528361AD3F13600BE457B /* location_@1x.png */,
				C53528371AD3F13600BE457B /* location_@2x.png */,
				C53528381AD3F13600BE457B /* location_@3x.png */,
			);
			path = images;
			sourceTree = "<group>";
		};
		C5AE59B91AA4A6F700DAB6B6 = {
			isa = PBXGroup;
			children = (
				C5AE59C41AA4A6F700DAB6B6 /* CycleCredits */,
				C5AE59DD1AA4A6F700DAB6B6 /* CycleCreditsTests */,
				C5AE59C31AA4A6F700DAB6B6 /* Products */,
				C507EF491AADF30700AE8D85 /* images */,
			);
			sourceTree = "<group>";
		};
		C5AE59C31AA4A6F700DAB6B6 /* Products */ = {
			isa = PBXGroup;
			children = (
				C5AE59C21AA4A6F700DAB6B6 /* CycleCredits.app */,
				C5AE59DA1AA4A6F700DAB6B6 /* CycleCreditsTests.xctest */,
			);
			name = Products;
			sourceTree = "<group>";
		};
		C5AE59C41AA4A6F700DAB6B6 /* CycleCredits */ = {
			isa = PBXGroup;
			children = (
				C5AE59C71AA4A6F700DAB6B6 /* AppDelegate.swift */,
				C5AE59CC1AA4A6F700DAB6B6 /* TotalsViewController.swift */,
				C5AE59CE1AA4A6F700DAB6B6 /* Main.storyboard */,
				C5AE59D11AA4A6F700DAB6B6 /* Images.xcassets */,
				C5AE59D31AA4A6F700DAB6B6 /* LaunchScreen.xib */,
				C5AE59C91AA4A6F700DAB6B6 /* CycleCredits.xcdatamodeld */,
				C5AE59C51AA4A6F700DAB6B6 /* Supporting Files */,
				C5AE59EA1AA4ADDF00DAB6B6 /* RoutesViewController.swift */,
				C5AE59EC1AA4AF3F00DAB6B6 /* Route.swift */,
				C5AE59EE1AA4B5E400DAB6B6 /* SampleData.swift */,
				C507EF4E1AAE02EC00AE8D85 /* CarPickerViewController.swift */,
				C57664E71AC704BD00179F6A /* Calc.swift */,
				C5C10FF51AC6EC470077ABCC /* gitignore */,
				C56F3EAC1ACBF9E7007556A3 /* RouteCell.swift */,
				C56F3EB61ACC3F71007556A3 /* RoutesDetailViewController.swift */,
				C5F654411ACFE5AC0037A001 /* HelpViewController.swift */,
				C5DF95B31ADC0648003600B1 /* MapViewController.swift */,
			);
			path = CycleCredits;
			sourceTree = "<group>";
		};
		C5AE59C51AA4A6F700DAB6B6 /* Supporting Files */ = {
			isa = PBXGroup;
			children = (
				C5AE59C61AA4A6F700DAB6B6 /* Info.plist */,
			);
			name = "Supporting Files";
			sourceTree = "<group>";
		};
		C5AE59DD1AA4A6F700DAB6B6 /* CycleCreditsTests */ = {
			isa = PBXGroup;
			children = (
				C5AE59E01AA4A6F700DAB6B6 /* CycleCreditsTests.swift */,
				C5AE59DE1AA4A6F700DAB6B6 /* Supporting Files */,
			);
			path = CycleCreditsTests;
			sourceTree = "<group>";
		};
		C5AE59DE1AA4A6F700DAB6B6 /* Supporting Files */ = {
			isa = PBXGroup;
			children = (
				C5AE59DF1AA4A6F700DAB6B6 /* Info.plist */,
			);
			name = "Supporting Files";
			sourceTree = "<group>";
		};
/* End PBXGroup section */

/* Begin PBXNativeTarget section */
		C5AE59C11AA4A6F700DAB6B6 /* CycleCredits */ = {
			isa = PBXNativeTarget;
			buildConfigurationList = C5AE59E41AA4A6F700DAB6B6 /* Build configuration list for PBXNativeTarget "CycleCredits" */;
			buildPhases = (
				C5AE59BE1AA4A6F700DAB6B6 /* Sources */,
				C5AE59BF1AA4A6F700DAB6B6 /* Frameworks */,
				C5AE59C01AA4A6F700DAB6B6 /* Resources */,
			);
			buildRules = (
			);
			dependencies = (
			);
			name = CycleCredits;
			productName = CycleCredits;
			productReference = C5AE59C21AA4A6F700DAB6B6 /* CycleCredits.app */;
			productType = "com.apple.product-type.application";
		};
		C5AE59D91AA4A6F700DAB6B6 /* CycleCreditsTests */ = {
			isa = PBXNativeTarget;
			buildConfigurationList = C5AE59E71AA4A6F700DAB6B6 /* Build configuration list for PBXNativeTarget "CycleCreditsTests" */;
			buildPhases = (
				C5AE59D61AA4A6F700DAB6B6 /* Sources */,
				C5AE59D71AA4A6F700DAB6B6 /* Frameworks */,
				C5AE59D81AA4A6F700DAB6B6 /* Resources */,
			);
			buildRules = (
			);
			dependencies = (
				C5AE59DC1AA4A6F700DAB6B6 /* PBXTargetDependency */,
			);
			name = CycleCreditsTests;
			productName = CycleCreditsTests;
			productReference = C5AE59DA1AA4A6F700DAB6B6 /* CycleCreditsTests.xctest */;
			productType = "com.apple.product-type.bundle.unit-test";
		};
/* End PBXNativeTarget section */

/* Begin PBXProject section */
		C5AE59BA1AA4A6F700DAB6B6 /* Project object */ = {
			isa = PBXProject;
			attributes = {
				LastUpgradeCheck = 0610;
				ORGANIZATIONNAME = "Patrick Murphy";
				TargetAttributes = {
					C5AE59C11AA4A6F700DAB6B6 = {
						CreatedOnToolsVersion = 6.1.1;
					};
					C5AE59D91AA4A6F700DAB6B6 = {
						CreatedOnToolsVersion = 6.1.1;
						TestTargetID = C5AE59C11AA4A6F700DAB6B6;
					};
				};
			};
			buildConfigurationList = C5AE59BD1AA4A6F700DAB6B6 /* Build configuration list for PBXProject "CycleCredits" */;
			compatibilityVersion = "Xcode 3.2";
			developmentRegion = English;
			hasScannedForEncodings = 0;
			knownRegions = (
				en,
				Base,
			);
			mainGroup = C5AE59B91AA4A6F700DAB6B6;
			productRefGroup = C5AE59C31AA4A6F700DAB6B6 /* Products */;
			projectDirPath = "";
			projectRoot = "";
			targets = (
				C5AE59C11AA4A6F700DAB6B6 /* CycleCredits */,
				C5AE59D91AA4A6F700DAB6B6 /* CycleCreditsTests */,
			);
		};
/* End PBXProject section */

/* Begin PBXResourcesBuildPhase section */
		C5AE59C01AA4A6F700DAB6B6 /* Resources */ = {
			isa = PBXResourcesBuildPhase;
			buildActionMask = 2147483647;
			files = (
				C5F654471ACFE9F50037A001 /* tax_disk.png in Resources */,
				C53528311AD3ECA200BE457B /* carbon_footprint@1x.png in Resources */,
				C507EF4B1AADF30700AE8D85 /* new_route.png in Resources */,
				C5AE59D01AA4A6F700DAB6B6 /* Main.storyboard in Resources */,
				C5AE59D51AA4A6F700DAB6B6 /* LaunchScreen.xib in Resources */,
				C53528321AD3ECA200BE457B /* carbon_footprint@2x.png in Resources */,
				C5AE59D21AA4A6F700DAB6B6 /* Images.xcassets in Resources */,
				C535283A1AD3F13600BE457B /* location_@2x.png in Resources */,
				C53528331AD3ECA200BE457B /* carbon_footprint@3x.png in Resources */,
				C53528391AD3F13600BE457B /* location_@1x.png in Resources */,
				C535283B1AD3F13600BE457B /* location_@3x.png in Resources */,
				C5C10FF61AC6EC480077ABCC /* gitignore in Resources */,
			);
			runOnlyForDeploymentPostprocessing = 0;
		};
		C5AE59D81AA4A6F700DAB6B6 /* Resources */ = {
			isa = PBXResourcesBuildPhase;
			buildActionMask = 2147483647;
			files = (
			);
			runOnlyForDeploymentPostprocessing = 0;
		};
/* End PBXResourcesBuildPhase section */

/* Begin PBXSourcesBuildPhase section */
		C5AE59BE1AA4A6F700DAB6B6 /* Sources */ = {
			isa = PBXSourcesBuildPhase;
			buildActionMask = 2147483647;
			files = (
				C5F654421ACFE5AC0037A001 /* HelpViewController.swift in Sources */,
				C57664E81AC704BD00179F6A /* Calc.swift in Sources */,
				C5AE59CD1AA4A6F700DAB6B6 /* TotalsViewController.swift in Sources */,
				C5AE59EF1AA4B5E400DAB6B6 /* SampleData.swift in Sources */,
				C5AE59C81AA4A6F700DAB6B6 /* AppDelegate.swift in Sources */,
				C56F3EB71ACC3F71007556A3 /* RoutesDetailViewController.swift in Sources */,
				C507EF4F1AAE02EC00AE8D85 /* CarPickerViewController.swift in Sources */,
				C5DF95B41ADC0648003600B1 /* MapViewController.swift in Sources */,
				C56F3EAD1ACBF9E7007556A3 /* RouteCell.swift in Sources */,
				C5AE59EB1AA4ADDF00DAB6B6 /* RoutesViewController.swift in Sources */,
				C5AE59ED1AA4AF3F00DAB6B6 /* Route.swift in Sources */,
				C5AE59CB1AA4A6F700DAB6B6 /* CycleCredits.xcdatamodeld in Sources */,
			);
			runOnlyForDeploymentPostprocessing = 0;
		};
		C5AE59D61AA4A6F700DAB6B6 /* Sources */ = {
			isa = PBXSourcesBuildPhase;
			buildActionMask = 2147483647;
			files = (
				C5AE59E11AA4A6F700DAB6B6 /* CycleCreditsTests.swift in Sources */,
			);
			runOnlyForDeploymentPostprocessing = 0;
		};
/* End PBXSourcesBuildPhase section */

/* Begin PBXTargetDependency section */
		C5AE59DC1AA4A6F700DAB6B6 /* PBXTargetDependency */ = {
			isa = PBXTargetDependency;
			target = C5AE59C11AA4A6F700DAB6B6 /* CycleCredits */;
			targetProxy = C5AE59DB1AA4A6F700DAB6B6 /* PBXContainerItemProxy */;
		};
/* End PBXTargetDependency section */

/* Begin PBXVariantGroup section */
		C5AE59CE1AA4A6F700DAB6B6 /* Main.storyboard */ = {
			isa = PBXVariantGroup;
			children = (
				C5AE59CF1AA4A6F700DAB6B6 /* Base */,
			);
			name = Main.storyboard;
			sourceTree = "<group>";
		};
		C5AE59D31AA4A6F700DAB6B6 /* LaunchScreen.xib */ = {
			isa = PBXVariantGroup;
			children = (
				C5AE59D41AA4A6F700DAB6B6 /* Base */,
			);
			name = LaunchScreen.xib;
			sourceTree = "<group>";
		};
/* End PBXVariantGroup section */

/* Begin XCBuildConfiguration section */
		C5AE59E21AA4A6F700DAB6B6 /* Debug */ = {
			isa = XCBuildConfiguration;
			buildSettings = {
				ALWAYS_SEARCH_USER_PATHS = NO;
				CLANG_CXX_LANGUAGE_STANDARD = "gnu++0x";
				CLANG_CXX_LIBRARY = "libc++";
				CLANG_ENABLE_MODULES = YES;
				CLANG_ENABLE_OBJC_ARC = YES;
				CLANG_WARN_BOOL_CONVERSION = YES;
				CLANG_WARN_CONSTANT_CONVERSION = YES;
				CLANG_WARN_DIRECT_OBJC_ISA_USAGE = YES_ERROR;
				CLANG_WARN_EMPTY_BODY = YES;
				CLANG_WARN_ENUM_CONVERSION = YES;
				CLANG_WARN_INT_CONVERSION = YES;
				CLANG_WARN_OBJC_ROOT_CLASS = YES_ERROR;
				CLANG_WARN_UNREACHABLE_CODE = YES;
				CLANG_WARN__DUPLICATE_METHOD_MATCH = YES;
				"CODE_SIGN_IDENTITY[sdk=iphoneos*]" = "iPhone Developer";
				COPY_PHASE_STRIP = NO;
				ENABLE_STRICT_OBJC_MSGSEND = YES;
				GCC_C_LANGUAGE_STANDARD = gnu99;
				GCC_DYNAMIC_NO_PIC = NO;
				GCC_OPTIMIZATION_LEVEL = 0;
				GCC_PREPROCESSOR_DEFINITIONS = (
					"DEBUG=1",
					"$(inherited)",
				);
				GCC_SYMBOLS_PRIVATE_EXTERN = NO;
				GCC_WARN_64_TO_32_BIT_CONVERSION = YES;
				GCC_WARN_ABOUT_RETURN_TYPE = YES_ERROR;
				GCC_WARN_UNDECLARED_SELECTOR = YES;
				GCC_WARN_UNINITIALIZED_AUTOS = YES_AGGRESSIVE;
				GCC_WARN_UNUSED_FUNCTION = YES;
				GCC_WARN_UNUSED_VARIABLE = YES;
				IPHONEOS_DEPLOYMENT_TARGET = 8.1;
				MTL_ENABLE_DEBUG_INFO = YES;
				ONLY_ACTIVE_ARCH = YES;
				SDKROOT = iphoneos;
				SWIFT_OPTIMIZATION_LEVEL = "-Onone";
			};
			name = Debug;
		};
		C5AE59E31AA4A6F700DAB6B6 /* Release */ = {
			isa = XCBuildConfiguration;
			buildSettings = {
				ALWAYS_SEARCH_USER_PATHS = NO;
				CLANG_CXX_LANGUAGE_STANDARD = "gnu++0x";
				CLANG_CXX_LIBRARY = "libc++";
				CLANG_ENABLE_MODULES = YES;
				CLANG_ENABLE_OBJC_ARC = YES;
				CLANG_WARN_BOOL_CONVERSION = YES;
				CLANG_WARN_CONSTANT_CONVERSION = YES;
				CLANG_WARN_DIRECT_OBJC_ISA_USAGE = YES_ERROR;
				CLANG_WARN_EMPTY_BODY = YES;
				CLANG_WARN_ENUM_CONVERSION = YES;
				CLANG_WARN_INT_CONVERSION = YES;
				CLANG_WARN_OBJC_ROOT_CLASS = YES_ERROR;
				CLANG_WARN_UNREACHABLE_CODE = YES;
				CLANG_WARN__DUPLICATE_METHOD_MATCH = YES;
				"CODE_SIGN_IDENTITY[sdk=iphoneos*]" = "iPhone Developer";
				COPY_PHASE_STRIP = YES;
				ENABLE_NS_ASSERTIONS = NO;
				ENABLE_STRICT_OBJC_MSGSEND = YES;
				GCC_C_LANGUAGE_STANDARD = gnu99;
				GCC_WARN_64_TO_32_BIT_CONVERSION = YES;
				GCC_WARN_ABOUT_RETURN_TYPE = YES_ERROR;
				GCC_WARN_UNDECLARED_SELECTOR = YES;
				GCC_WARN_UNINITIALIZED_AUTOS = YES_AGGRESSIVE;
				GCC_WARN_UNUSED_FUNCTION = YES;
				GCC_WARN_UNUSED_VARIABLE = YES;
				IPHONEOS_DEPLOYMENT_TARGET = 8.1;
				MTL_ENABLE_DEBUG_INFO = NO;
				SDKROOT = iphoneos;
				VALIDATE_PRODUCT = YES;
			};
			name = Release;
		};
		C5AE59E51AA4A6F700DAB6B6 /* Debug */ = {
			isa = XCBuildConfiguration;
			buildSettings = {
				ASSETCATALOG_COMPILER_APPICON_NAME = AppIcon;
				INFOPLIST_FILE = CycleCredits/Info.plist;
				LD_RUNPATH_SEARCH_PATHS = "$(inherited) @executable_path/Frameworks";
				PRODUCT_NAME = "$(TARGET_NAME)";
			};
			name = Debug;
		};
		C5AE59E61AA4A6F700DAB6B6 /* Release */ = {
			isa = XCBuildConfiguration;
			buildSettings = {
				ASSETCATALOG_COMPILER_APPICON_NAME = AppIcon;
				INFOPLIST_FILE = CycleCredits/Info.plist;
				LD_RUNPATH_SEARCH_PATHS = "$(inherited) @executable_path/Frameworks";
				PRODUCT_NAME = "$(TARGET_NAME)";
			};
			name = Release;
		};
		C5AE59E81AA4A6F700DAB6B6 /* Debug */ = {
			isa = XCBuildConfiguration;
			buildSettings = {
				BUNDLE_LOADER = "$(TEST_HOST)";
				FRAMEWORK_SEARCH_PATHS = (
					"$(SDKROOT)/Developer/Library/Frameworks",
					"$(inherited)",
				);
				GCC_PREPROCESSOR_DEFINITIONS = (
					"DEBUG=1",
					"$(inherited)",
				);
				INFOPLIST_FILE = CycleCreditsTests/Info.plist;
				LD_RUNPATH_SEARCH_PATHS = "$(inherited) @executable_path/Frameworks @loader_path/Frameworks";
				PRODUCT_NAME = "$(TARGET_NAME)";
				TEST_HOST = "$(BUILT_PRODUCTS_DIR)/CycleCredits.app/CycleCredits";
			};
			name = Debug;
		};
		C5AE59E91AA4A6F700DAB6B6 /* Release */ = {
			isa = XCBuildConfiguration;
			buildSettings = {
				BUNDLE_LOADER = "$(TEST_HOST)";
				FRAMEWORK_SEARCH_PATHS = (
					"$(SDKROOT)/Developer/Library/Frameworks",
					"$(inherited)",
				);
				INFOPLIST_FILE = CycleCreditsTests/Info.plist;
				LD_RUNPATH_SEARCH_PATHS = "$(inherited) @executable_path/Frameworks @loader_path/Frameworks";
				PRODUCT_NAME = "$(TARGET_NAME)";
				TEST_HOST = "$(BUILT_PRODUCTS_DIR)/CycleCredits.app/CycleCredits";
			};
			name = Release;
		};
/* End XCBuildConfiguration section */

/* Begin XCConfigurationList section */
		C5AE59BD1AA4A6F700DAB6B6 /* Build configuration list for PBXProject "CycleCredits" */ = {
			isa = XCConfigurationList;
			buildConfigurations = (
				C5AE59E21AA4A6F700DAB6B6 /* Debug */,
				C5AE59E31AA4A6F700DAB6B6 /* Release */,
			);
			defaultConfigurationIsVisible = 0;
			defaultConfigurationName = Release;
		};
		C5AE59E41AA4A6F700DAB6B6 /* Build configuration list for PBXNativeTarget "CycleCredits" */ = {
			isa = XCConfigurationList;
			buildConfigurations = (
				C5AE59E51AA4A6F700DAB6B6 /* Debug */,
				C5AE59E61AA4A6F700DAB6B6 /* Release */,
			);
			defaultConfigurationIsVisible = 0;
			defaultConfigurationName = Release;
		};
		C5AE59E71AA4A6F700DAB6B6 /* Build configuration list for PBXNativeTarget "CycleCreditsTests" */ = {
			isa = XCConfigurationList;
			buildConfigurations = (
				C5AE59E81AA4A6F700DAB6B6 /* Debug */,
				C5AE59E91AA4A6F700DAB6B6 /* Release */,
			);
			defaultConfigurationIsVisible = 0;
			defaultConfigurationName = Release;
		};
/* End XCConfigurationList section */

/* Begin XCVersionGroup section */
		C5AE59C91AA4A6F700DAB6B6 /* CycleCredits.xcdatamodeld */ = {
			isa = XCVersionGroup;
			children = (
				C5AE59CA1AA4A6F700DAB6B6 /* CycleCredits.xcdatamodel */,
			);
			currentVersion = C5AE59CA1AA4A6F700DAB6B6 /* CycleCredits.xcdatamodel */;
			path = CycleCredits.xcdatamodeld;
			sourceTree = "<group>";
			versionGroupType = wrapper.xcdatamodel;
		};
/* End XCVersionGroup section */
	};
	rootObject = C5AE59BA1AA4A6F700DAB6B6 /* Project object */;
}
